
Microsoft Visual Studio Solution File, Format Version 12.00
# Visual Studio Version 17
VisualStudioVersion = 17.13.35818.85
MinimumVisualStudioVersion = 10.0.40219.1
Project("{FAE04EC0-301F-11D3-BF4B-00C04F79EFBC}") = "PE_PRN222_SP25_TrialTest_NguyenHuuPhuc.Repository", "PE_PRN222_SP25_TrialTest_NguyenHuuPhuc.Repository\PE_PRN222_SP25_TrialTest_NguyenHuuPhuc.Repository.csproj", "{F09158DC-6F8D-B00F-7432-1565266A8CDC}"
EndProject
Project("{FAE04EC0-301F-11D3-BF4B-00C04F79EFBC}") = "PE_PRN222_SP25_TrialTest_NguyenHuuPhuc.Service", "PE_PRN222_SP25_TrialTest_NguyenHuuPhuc.Service\PE_PRN222_SP25_TrialTest_NguyenHuuPhuc.Service.csproj", "{45765342-7474-8D51-3961-BA7934BCABD2}"
EndProject
Project("{FAE04EC0-301F-11D3-BF4B-00C04F79EFBC}") = "PharmaceuticalManagement_NguyenHuuPhuc", "PharmaceuticalManagement_NguyenHuuPhuc\PharmaceuticalManagement_NguyenHuuPhuc.csproj", "{FAF0BBEA-7602-4D2C-96EA-0DFFE8025AB7}"
EndProject
Global
	GlobalSection(SolutionConfigurationPlatforms) = preSolution
		Debug|Any CPU = Debug|Any CPU
		Release|Any CPU = Release|Any CPU
	EndGlobalSection
	GlobalSection(ProjectConfigurationPlatforms) = postSolution
		{F09158DC-6F8D-B00F-7432-1565266A8CDC}.Debug|Any CPU.ActiveCfg = Debug|Any CPU
		{F09158DC-6F8D-B00F-7432-1565266A8CDC}.Debug|Any CPU.Build.0 = Debug|Any CPU
		{F09158DC-6F8D-B00F-7432-1565266A8CDC}.Release|Any CPU.ActiveCfg = Release|Any CPU
		{F09158DC-6F8D-B00F-7432-1565266A8CDC}.Release|Any CPU.Build.0 = Release|Any CPU
		{45765342-7474-8D51-3961-BA7934BCABD2}.Debug|Any CPU.ActiveCfg = Debug|Any CPU
		{45765342-7474-8D51-3961-BA7934BCABD2}.Debug|Any CPU.Build.0 = Debug|Any CPU
		{45765342-7474-8D51-3961-BA7934BCABD2}.Release|Any CPU.ActiveCfg = Release|Any CPU
		{45765342-7474-8D51-3961-BA7934BCABD2}.Release|Any CPU.Build.0 = Release|Any CPU
		{FAF0BBEA-7602-4D2C-96EA-0DFFE8025AB7}.Debug|Any CPU.ActiveCfg = Debug|Any CPU
		{FAF0BBEA-7602-4D2C-96EA-0DFFE8025AB7}.Debug|Any CPU.Build.0 = Debug|Any CPU
		{FAF0BBEA-7602-4D2C-96EA-0DFFE8025AB7}.Release|Any CPU.ActiveCfg = Release|Any CPU
		{FAF0BBEA-7602-4D2C-96EA-0DFFE8025AB7}.Release|Any CPU.Build.0 = Release|Any CPU
	EndGlobalSection
	GlobalSection(SolutionProperties) = preSolution
		HideSolutionNode = FALSE
	EndGlobalSection
	GlobalSection(ExtensibilityGlobals) = postSolution
		SolutionGuid = {D7CCA881-3BCC-46D5-A5DA-450EE81B4766}
	EndGlobalSection
EndGlobal
